// !$*UTF8*$!
{
	archiveVersion = 1;
	classes = {
	};
	objectVersion = 48;
	objects = {

/* Begin PBXBuildFile section */
		D8F086D120B33C7F002AD525 /* AppDelegate.swift in Sources */ = {isa = PBXBuildFile; fileRef = D8F086D020B33C7F002AD525 /* AppDelegate.swift */; };
		D8F086D320B33C7F002AD525 /* ViewController.swift in Sources */ = {isa = PBXBuildFile; fileRef = D8F086D220B33C7F002AD525 /* ViewController.swift */; };
		D8F086D620B33C7F002AD525 /* Main.storyboard in Resources */ = {isa = PBXBuildFile; fileRef = D8F086D420B33C7F002AD525 /* Main.storyboard */; };
		D8F086D820B33C7F002AD525 /* Assets.xcassets in Resources */ = {isa = PBXBuildFile; fileRef = D8F086D720B33C7F002AD525 /* Assets.xcassets */; };
		D8F086DB20B33C7F002AD525 /* LaunchScreen.storyboard in Resources */ = {isa = PBXBuildFile; fileRef = D8F086D920B33C7F002AD525 /* LaunchScreen.storyboard */; };
		D8F086E620B33C7F002AD525 /* PrayerTimesTests.swift in Sources */ = {isa = PBXBuildFile; fileRef = D8F086E520B33C7F002AD525 /* PrayerTimesTests.swift */; };
		D8F086F320B33D33002AD525 /* Time.swift in Sources */ = {isa = PBXBuildFile; fileRef = D8F086F220B33D33002AD525 /* Time.swift */; };
/* End PBXBuildFile section */

/* Begin PBXContainerItemProxy section */
		D8F086E220B33C7F002AD525 /* PBXContainerItemProxy */ = {
			isa = PBXContainerItemProxy;
			containerPortal = D8F086C520B33C7F002AD525 /* Project object */;
			proxyType = 1;
			remoteGlobalIDString = D8F086CC20B33C7F002AD525;
			remoteInfo = PrayerTimes;
		};
/* End PBXContainerItemProxy section */

/* Begin PBXFileReference section */
		D8F086CD20B33C7F002AD525 /* PrayerTimes.app */ = {isa = PBXFileReference; explicitFileType = wrapper.application; includeInIndex = 0; path = PrayerTimes.app; sourceTree = BUILT_PRODUCTS_DIR; };
		D8F086D020B33C7F002AD525 /* AppDelegate.swift */ = {isa = PBXFileReference; lastKnownFileType = sourcecode.swift; path = AppDelegate.swift; sourceTree = "<group>"; };
		D8F086D220B33C7F002AD525 /* ViewController.swift */ = {isa = PBXFileReference; lastKnownFileType = sourcecode.swift; path = ViewController.swift; sourceTree = "<group>"; };
		D8F086D520B33C7F002AD525 /* Base */ = {isa = PBXFileReference; lastKnownFileType = file.storyboard; name = Base; path = Base.lproj/Main.storyboard; sourceTree = "<group>"; };
		D8F086D720B33C7F002AD525 /* Assets.xcassets */ = {isa = PBXFileReference; lastKnownFileType = folder.assetcatalog; path = Assets.xcassets; sourceTree = "<group>"; };
		D8F086DA20B33C7F002AD525 /* Base */ = {isa = PBXFileReference; lastKnownFileType = file.storyboard; name = Base; path = Base.lproj/LaunchScreen.storyboard; sourceTree = "<group>"; };
		D8F086DC20B33C7F002AD525 /* Info.plist */ = {isa = PBXFileReference; lastKnownFileType = text.plist.xml; path = Info.plist; sourceTree = "<group>"; };
		D8F086E120B33C7F002AD525 /* PrayerTimesTests.xctest */ = {isa = PBXFileReference; explicitFileType = wrapper.cfbundle; includeInIndex = 0; path = PrayerTimesTests.xctest; sourceTree = BUILT_PRODUCTS_DIR; };
		D8F086E520B33C7F002AD525 /* PrayerTimesTests.swift */ = {isa = PBXFileReference; lastKnownFileType = sourcecode.swift; path = PrayerTimesTests.swift; sourceTree = "<group>"; };
		D8F086E720B33C7F002AD525 /* Info.plist */ = {isa = PBXFileReference; lastKnownFileType = text.plist.xml; path = Info.plist; sourceTree = "<group>"; };
		D8F086F220B33D33002AD525 /* Time.swift */ = {isa = PBXFileReference; fileEncoding = 4; lastKnownFileType = sourcecode.swift; path = Time.swift; sourceTree = "<group>"; };
/* End PBXFileReference section */

/* Begin PBXFrameworksBuildPhase section */
		D8F086CA20B33C7F002AD525 /* Frameworks */ = {
			isa = PBXFrameworksBuildPhase;
			buildActionMask = 2147483647;
			files = (
			);
			runOnlyForDeploymentPostprocessing = 0;
		};
		D8F086DE20B33C7F002AD525 /* Frameworks */ = {
			isa = PBXFrameworksBuildPhase;
			buildActionMask = 2147483647;
			files = (
			);
			runOnlyForDeploymentPostprocessing = 0;
		};
/* End PBXFrameworksBuildPhase section */

/* Begin PBXGroup section */
		D8F086C420B33C7F002AD525 = {
			isa = PBXGroup;
			children = (
				D8F086CF20B33C7F002AD525 /* PrayerTimes */,
				D8F086E420B33C7F002AD525 /* PrayerTimesTests */,
				D8F086CE20B33C7F002AD525 /* Products */,
			);
			sourceTree = "<group>";
		};
		D8F086CE20B33C7F002AD525 /* Products */ = {
			isa = PBXGroup;
			children = (
				D8F086CD20B33C7F002AD525 /* PrayerTimes.app */,
				D8F086E120B33C7F002AD525 /* PrayerTimesTests.xctest */,
			);
			name = Products;
			sourceTree = "<group>";
		};
		D8F086CF20B33C7F002AD525 /* PrayerTimes */ = {
			isa = PBXGroup;
			children = (
				D8F086F220B33D33002AD525 /* Time.swift */,
				D8F086D020B33C7F002AD525 /* AppDelegate.swift */,
				D8F086D220B33C7F002AD525 /* ViewController.swift */,
				D8F086D420B33C7F002AD525 /* Main.storyboard */,
				D8F086D720B33C7F002AD525 /* Assets.xcassets */,
				D8F086D920B33C7F002AD525 /* LaunchScreen.storyboard */,
				D8F086DC20B33C7F002AD525 /* Info.plist */,
			);
			path = PrayerTimes;
			sourceTree = "<group>";
		};
		D8F086E420B33C7F002AD525 /* PrayerTimesTests */ = {
			isa = PBXGroup;
			children = (
				D8F086E520B33C7F002AD525 /* PrayerTimesTests.swift */,
				D8F086E720B33C7F002AD525 /* Info.plist */,
			);
			path = PrayerTimesTests;
			sourceTree = "<group>";
		};
/* End PBXGroup section */

/* Begin PBXNativeTarget section */
		D8F086CC20B33C7F002AD525 /* PrayerTimes */ = {
			isa = PBXNativeTarget;
			buildConfigurationList = D8F086EA20B33C7F002AD525 /* Build configuration list for PBXNativeTarget "PrayerTimes" */;
			buildPhases = (
				D8F086C920B33C7F002AD525 /* Sources */,
				D8F086CA20B33C7F002AD525 /* Frameworks */,
				D8F086CB20B33C7F002AD525 /* Resources */,
			);
			buildRules = (
			);
			dependencies = (
			);
			name = PrayerTimes;
			productName = PrayerTimes;
			productReference = D8F086CD20B33C7F002AD525 /* PrayerTimes.app */;
			productType = "com.apple.product-type.application";
		};
		D8F086E020B33C7F002AD525 /* PrayerTimesTests */ = {
			isa = PBXNativeTarget;
			buildConfigurationList = D8F086ED20B33C7F002AD525 /* Build configuration list for PBXNativeTarget "PrayerTimesTests" */;
			buildPhases = (
				D8F086DD20B33C7F002AD525 /* Sources */,
				D8F086DE20B33C7F002AD525 /* Frameworks */,
				D8F086DF20B33C7F002AD525 /* Resources */,
			);
			buildRules = (
			);
			dependencies = (
				D8F086E320B33C7F002AD525 /* PBXTargetDependency */,
			);
			name = PrayerTimesTests;
			productName = PrayerTimesTests;
			productReference = D8F086E120B33C7F002AD525 /* PrayerTimesTests.xctest */;
			productType = "com.apple.product-type.bundle.unit-test";
		};
/* End PBXNativeTarget section */

/* Begin PBXProject section */
		D8F086C520B33C7F002AD525 /* Project object */ = {
			isa = PBXProject;
			attributes = {
				LastSwiftUpdateCheck = 0920;
				LastUpgradeCheck = 0920;
				ORGANIZATIONNAME = "Apple Inc.";
				TargetAttributes = {
					D8F086CC20B33C7F002AD525 = {
						CreatedOnToolsVersion = 9.2;
						ProvisioningStyle = Automatic;
					};
					D8F086E020B33C7F002AD525 = {
						CreatedOnToolsVersion = 9.2;
						ProvisioningStyle = Automatic;
						TestTargetID = D8F086CC20B33C7F002AD525;
					};
				};
			};
			buildConfigurationList = D8F086C820B33C7F002AD525 /* Build configuration list for PBXProject "PrayerTimes" */;
			compatibilityVersion = "Xcode 8.0";
			developmentRegion = en;
			hasScannedForEncodings = 0;
			knownRegions = (
				en,
				Base,
			);
			mainGroup = D8F086C420B33C7F002AD525;
			productRefGroup = D8F086CE20B33C7F002AD525 /* Products */;
			projectDirPath = "";
			projectRoot = "";
			targets = (
				D8F086CC20B33C7F002AD525 /* PrayerTimes */,
				D8F086E020B33C7F002AD525 /* PrayerTimesTests */,
			);
		};
/* End PBXProject section */

/* Begin PBXResourcesBuildPhase section */
		D8F086CB20B33C7F002AD525 /* Resources */ = {
			isa = PBXResourcesBuildPhase;
			buildActionMask = 2147483647;
			files = (
				D8F086DB20B33C7F002AD525 /* LaunchScreen.storyboard in Resources */,
				D8F086D820B33C7F002AD525 /* Assets.xcassets in Resources */,
				D8F086D620B33C7F002AD525 /* Main.storyboard in Resources */,
			);
			runOnlyForDeploymentPostprocessing = 0;
		};
		D8F086DF20B33C7F002AD525 /* Resources */ = {
			isa = PBXResourcesBuildPhase;
			buildActionMask = 2147483647;
			files = (
			);
			runOnlyForDeploymentPostprocessing = 0;
		};
/* End PBXResourcesBuildPhase section */

/* Begin PBXSourcesBuildPhase section */
		D8F086C920B33C7F002AD525 /* Sources */ = {
			isa = PBXSourcesBuildPhase;
			buildActionMask = 2147483647;
			files = (
				D8F086F320B33D33002AD525 /* Time.swift in Sources */,
				D8F086D320B33C7F002AD525 /* ViewController.swift in Sources */,
				D8F086D120B33C7F002AD525 /* AppDelegate.swift in Sources */,
			);
			runOnlyForDeploymentPostprocessing = 0;
		};
		D8F086DD20B33C7F002AD525 /* Sources */ = {
			isa = PBXSourcesBuildPhase;
			buildActionMask = 2147483647;
			files = (
				D8F086E620B33C7F002AD525 /* PrayerTimesTests.swift in Sources */,
			);
			runOnlyForDeploymentPostprocessing = 0;
		};
/* End PBXSourcesBuildPhase section */

/* Begin PBXTargetDependency section */
		D8F086E320B33C7F002AD525 /* PBXTargetDependency */ = {
			isa = PBXTargetDependency;
			target = D8F086CC20B33C7F002AD525 /* PrayerTimes */;
			targetProxy = D8F086E220B33C7F002AD525 /* PBXContainerItemProxy */;
		};
/* End PBXTargetDependency section */

/* Begin PBXVariantGroup section */
		D8F086D420B33C7F002AD525 /* Main.storyboard */ = {
			isa = PBXVariantGroup;
			children = (
				D8F086D520B33C7F002AD525 /* Base */,
			);
			name = Main.storyboard;
			sourceTree = "<group>";
		};
		D8F086D920B33C7F002AD525 /* LaunchScreen.storyboard */ = {
			isa = PBXVariantGroup;
			children = (
				D8F086DA20B33C7F002AD525 /* Base */,
			);
			name = LaunchScreen.storyboard;
			sourceTree = "<group>";
		};
/* End PBXVariantGroup section */

/* Begin XCBuildConfiguration section */
		D8F086E820B33C7F002AD525 /* Debug */ = {
			isa = XCBuildConfiguration;
			buildSettings = {
				ALWAYS_SEARCH_USER_PATHS = NO;
				CLANG_ANALYZER_NONNULL = YES;
				CLANG_ANALYZER_NUMBER_OBJECT_CONVERSION = YES_AGGRESSIVE;
				CLANG_CXX_LANGUAGE_STANDARD = "gnu++14";
				CLANG_CXX_LIBRARY = "libc++";
				CLANG_ENABLE_MODULES = YES;
				CLANG_ENABLE_OBJC_ARC = YES;
				CLANG_WARN_BLOCK_CAPTURE_AUTORELEASING = YES;
				CLANG_WARN_BOOL_CONVERSION = YES;
				CLANG_WARN_COMMA = YES;
				CLANG_WARN_CONSTANT_CONVERSION = YES;
				CLANG_WARN_DIRECT_OBJC_ISA_USAGE = YES_ERROR;
				CLANG_WARN_DOCUMENTATION_COMMENTS = YES;
				CLANG_WARN_EMPTY_BODY = YES;
				CLANG_WARN_ENUM_CONVERSION = YES;
				CLANG_WARN_INFINITE_RECURSION = YES;
				CLANG_WARN_INT_CONVERSION = YES;
				CLANG_WARN_NON_LITERAL_NULL_CONVERSION = YES;
				CLANG_WARN_OBJC_LITERAL_CONVERSION = YES;
				CLANG_WARN_OBJC_ROOT_CLASS = YES_ERROR;
				CLANG_WARN_RANGE_LOOP_ANALYSIS = YES;
				CLANG_WARN_STRICT_PROTOTYPES = YES;
				CLANG_WARN_SUSPICIOUS_MOVE = YES;
				CLANG_WARN_UNGUARDED_AVAILABILITY = YES_AGGRESSIVE;
				CLANG_WARN_UNREACHABLE_CODE = YES;
				CLANG_WARN__DUPLICATE_METHOD_MATCH = YES;
				CODE_SIGN_IDENTITY = "iPhone Developer";
				COPY_PHASE_STRIP = NO;
				DEBUG_INFORMATION_FORMAT = dwarf;
				ENABLE_STRICT_OBJC_MSGSEND = YES;
				ENABLE_TESTABILITY = YES;
				GCC_C_LANGUAGE_STANDARD = gnu11;
				GCC_DYNAMIC_NO_PIC = NO;
				GCC_NO_COMMON_BLOCKS = YES;
				GCC_OPTIMIZATION_LEVEL = 0;
				GCC_PREPROCESSOR_DEFINITIONS = (
					"DEBUG=1",
					"$(inherited)",
				);
				GCC_WARN_64_TO_32_BIT_CONVERSION = YES;
				GCC_WARN_ABOUT_RETURN_TYPE = YES_ERROR;
				GCC_WARN_UNDECLARED_SELECTOR = YES;
				GCC_WARN_UNINITIALIZED_AUTOS = YES_AGGRESSIVE;
				GCC_WARN_UNUSED_FUNCTION = YES;
				GCC_WARN_UNUSED_VARIABLE = YES;
				IPHONEOS_DEPLOYMENT_TARGET = 11.2;
				MTL_ENABLE_DEBUG_INFO = YES;
				ONLY_ACTIVE_ARCH = YES;
				SDKROOT = iphoneos;
				SWIFT_ACTIVE_COMPILATION_CONDITIONS = DEBUG;
				SWIFT_OPTIMIZATION_LEVEL = "-Onone";
			};
			name = Debug;
		};
		D8F086E920B33C7F002AD525 /* Release */ = {
			isa = XCBuildConfiguration;
			buildSettings = {
				ALWAYS_SEARCH_USER_PATHS = NO;
				CLANG_ANALYZER_NONNULL = YES;
				CLANG_ANALYZER_NUMBER_OBJECT_CONVERSION = YES_AGGRESSIVE;
				CLANG_CXX_LANGUAGE_STANDARD = "gnu++14";
				CLANG_CXX_LIBRARY = "libc++";
				CLANG_ENABLE_MODULES = YES;
				CLANG_ENABLE_OBJC_ARC = YES;
				CLANG_WARN_BLOCK_CAPTURE_AUTORELEASING = YES;
				CLANG_WARN_BOOL_CONVERSION = YES;
				CLANG_WARN_COMMA = YES;
				CLANG_WARN_CONSTANT_CONVERSION = YES;
				CLANG_WARN_DIRECT_OBJC_ISA_USAGE = YES_ERROR;
				CLANG_WARN_DOCUMENTATION_COMMENTS = YES;
				CLANG_WARN_EMPTY_BODY = YES;
				CLANG_WARN_ENUM_CONVERSION = YES;
				CLANG_WARN_INFINITE_RECURSION = YES;
				CLANG_WARN_INT_CONVERSION = YES;
				CLANG_WARN_NON_LITERAL_NULL_CONVERSION = YES;
				CLANG_WARN_OBJC_LITERAL_CONVERSION = YES;
				CLANG_WARN_OBJC_ROOT_CLASS = YES_ERROR;
				CLANG_WARN_RANGE_LOOP_ANALYSIS = YES;
				CLANG_WARN_STRICT_PROTOTYPES = YES;
				CLANG_WARN_SUSPICIOUS_MOVE = YES;
				CLANG_WARN_UNGUARDED_AVAILABILITY = YES_AGGRESSIVE;
				CLANG_WARN_UNREACHABLE_CODE = YES;
				CLANG_WARN__DUPLICATE_METHOD_MATCH = YES;
				CODE_SIGN_IDENTITY = "iPhone Developer";
				COPY_PHASE_STRIP = NO;
				DEBUG_INFORMATION_FORMAT = "dwarf-with-dsym";
				ENABLE_NS_ASSERTIONS = NO;
				ENABLE_STRICT_OBJC_MSGSEND = YES;
				GCC_C_LANGUAGE_STANDARD = gnu11;
				GCC_NO_COMMON_BLOCKS = YES;
				GCC_WARN_64_TO_32_BIT_CONVERSION = YES;
				GCC_WARN_ABOUT_RETURN_TYPE = YES_ERROR;
				GCC_WARN_UNDECLARED_SELECTOR = YES;
				GCC_WARN_UNINITIALIZED_AUTOS = YES_AGGRESSIVE;
				GCC_WARN_UNUSED_FUNCTION = YES;
				GCC_WARN_UNUSED_VARIABLE = YES;
				IPHONEOS_DEPLOYMENT_TARGET = 11.2;
				MTL_ENABLE_DEBUG_INFO = NO;
				SDKROOT = iphoneos;
				SWIFT_OPTIMIZATION_LEVEL = "-Owholemodule";
				VALIDATE_PRODUCT = YES;
			};
			name = Release;
		};
		D8F086EB20B33C7F002AD525 /* Debug */ = {
			isa = XCBuildConfiguration;
			buildSettings = {
				ASSETCATALOG_COMPILER_APPICON_NAME = AppIcon;
				CODE_SIGN_STYLE = Automatic;
				DEVELOPMENT_TEAM = EC38WK85A5;
				INFOPLIST_FILE = PrayerTimes/Info.plist;
				LD_RUNPATH_SEARCH_PATHS = "$(inherited) @executable_path/Frameworks";
				PRODUCT_BUNDLE_IDENTIFIER = com.deggan.prayertimes;
				PRODUCT_NAME = "$(TARGET_NAME)";
				SWIFT_VERSION = 4.0;
				TARGETED_DEVICE_FAMILY = "1,2";
			};
			name = Debug;
		};
		D8F086EC20B33C7F002AD525 /* Release */ = {
			isa = XCBuildConfiguration;
			buildSettings = {
				ASSETCATALOG_COMPILER_APPICON_NAME = AppIcon;
				CODE_SIGN_STYLE = Automatic;
				DEVELOPMENT_TEAM = EC38WK85A5;
				INFOPLIST_FILE = PrayerTimes/Info.plist;
				LD_RUNPATH_SEARCH_PATHS = "$(inherited) @executable_path/Frameworks";
				PRODUCT_BUNDLE_IDENTIFIER = com.deggan.prayertimes;
				PRODUCT_NAME = "$(TARGET_NAME)";
				SWIFT_VERSION = 4.0;
				TARGETED_DEVICE_FAMILY = "1,2";
			};
			name = Release;
		};
		D8F086EE20B33C7F002AD525 /* Debug */ = {
			isa = XCBuildConfiguration;
			buildSettings = {
				ALWAYS_EMBED_SWIFT_STANDARD_LIBRARIES = YES;
				BUNDLE_LOADER = "$(TEST_HOST)";
				CODE_SIGN_STYLE = Automatic;
				DEVELOPMENT_TEAM = EC38WK85A5;
				INFOPLIST_FILE = PrayerTimesTests/Info.plist;
				LD_RUNPATH_SEARCH_PATHS = "$(inherited) @executable_path/Frameworks @loader_path/Frameworks";
				PRODUCT_BUNDLE_IDENTIFIER = com.deggan.PrayerTimesTests;
				PRODUCT_NAME = "$(TARGET_NAME)";
				SWIFT_VERSION = 4.0;
				TARGETED_DEVICE_FAMILY = "1,2";
				TEST_HOST = "$(BUILT_PRODUCTS_DIR)/PrayerTimes.app/PrayerTimes";
			};
			name = Debug;
		};
		D8F086EF20B33C7F002AD525 /* Release */ = {
			isa = XCBuildConfiguration;
			buildSettings = {
				ALWAYS_EMBED_SWIFT_STANDARD_LIBRARIES = YES;
				BUNDLE_LOADER = "$(TEST_HOST)";
				CODE_SIGN_STYLE = Automatic;
				DEVELOPMENT_TEAM = EC38WK85A5;
				INFOPLIST_FILE = PrayerTimesTests/Info.plist;
				LD_RUNPATH_SEARCH_PATHS = "$(inherited) @executable_path/Frameworks @loader_path/Frameworks";
				PRODUCT_BUNDLE_IDENTIFIER = com.deggan.PrayerTimesTests;
				PRODUCT_NAME = "$(TARGET_NAME)";
				SWIFT_VERSION = 4.0;
				TARGETED_DEVICE_FAMILY = "1,2";
				TEST_HOST = "$(BUILT_PRODUCTS_DIR)/PrayerTimes.app/PrayerTimes";
			};
			name = Release;
		};
/* End XCBuildConfiguration section */

/* Begin XCConfigurationList section */
		D8F086C820B33C7F002AD525 /* Build configuration list for PBXProject "PrayerTimes" */ = {
			isa = XCConfigurationList;
			buildConfigurations = (
				D8F086E820B33C7F002AD525 /* Debug */,
				D8F086E920B33C7F002AD525 /* Release */,
			);
			defaultConfigurationIsVisible = 0;
			defaultConfigurationName = Release;
		};
		D8F086EA20B33C7F002AD525 /* Build configuration list for PBXNativeTarget "PrayerTimes" */ = {
			isa = XCConfigurationList;
			buildConfigurations = (
				D8F086EB20B33C7F002AD525 /* Debug */,
				D8F086EC20B33C7F002AD525 /* Release */,
			);
			defaultConfigurationIsVisible = 0;
			defaultConfigurationName = Release;
		};
		D8F086ED20B33C7F002AD525 /* Build configuration list for PBXNativeTarget "PrayerTimesTests" */ = {
			isa = XCConfigurationList;
			buildConfigurations = (
				D8F086EE20B33C7F002AD525 /* Debug */,
				D8F086EF20B33C7F002AD525 /* Release */,
			);
			defaultConfigurationIsVisible = 0;
			defaultConfigurationName = Release;
		};
/* End XCConfigurationList section */
	};
	rootObject = D8F086C520B33C7F002AD525 /* Project object */;
}
